
Microsoft Visual Studio Solution File, Format Version 12.00
# Visual Studio Version 17
VisualStudioVersion = 17.9.34723.18
MinimumVisualStudioVersion = 10.0.40219.1
Project("{9A19103F-16F7-4668-BE54-9A1E7A4F7556}") = "SampleConsoleApp", "SampleConsoleApp\SampleConsoleApp.csproj", "{719A0382-2B76-4A30-A551-2196106D4189}"
EndProject
Project("{FAE04EC0-301F-11D3-BF4B-00C04F79EFBC}") = "SampleWebApplication", "SampleWebApplication\SampleWebApplication.csproj", "{0A394E78-EA05-4485-AC05-24F575DDC5B8}"
EndProject
Project("{FAE04EC0-301F-11D3-BF4B-00C04F79EFBC}") = "SampleConsoleApp.Tests", "SampleConsoleApp.Tests\SampleConsoleApp.Tests.csproj", "{F4B2F247-1340-4F1C-8CFB-7E3F213F768E}"
EndProject
Global
	GlobalSection(SolutionConfigurationPlatforms) = preSolution
		Debug|Any CPU = Debug|Any CPU
		Release|Any CPU = Release|Any CPU
	EndGlobalSection
	GlobalSection(ProjectConfigurationPlatforms) = postSolution
		{719A0382-2B76-4A30-A551-2196106D4189}.Debug|Any CPU.ActiveCfg = Debug|Any CPU
		{719A0382-2B76-4A30-A551-2196106D4189}.Debug|Any CPU.Build.0 = Debug|Any CPU
		{719A0382-2B76-4A30-A551-2196106D4189}.Release|Any CPU.ActiveCfg = Release|Any CPU
		{719A0382-2B76-4A30-A551-2196106D4189}.Release|Any CPU.Build.0 = Release|Any CPU
		{0A394E78-EA05-4485-AC05-24F575DDC5B8}.Debug|Any CPU.ActiveCfg = Debug|Any CPU
		{0A394E78-EA05-4485-AC05-24F575DDC5B8}.Debug|Any CPU.Build.0 = Debug|Any CPU
		{0A394E78-EA05-4485-AC05-24F575DDC5B8}.Release|Any CPU.ActiveCfg = Release|Any CPU
		{0A394E78-EA05-4485-AC05-24F575DDC5B8}.Release|Any CPU.Build.0 = Release|Any CPU
		{F4B2F247-1340-4F1C-8CFB-7E3F213F768E}.Debug|Any CPU.ActiveCfg = Debug|Any CPU
		{F4B2F247-1340-4F1C-8CFB-7E3F213F768E}.Debug|Any CPU.Build.0 = Debug|Any CPU
		{F4B2F247-1340-4F1C-8CFB-7E3F213F768E}.Release|Any CPU.ActiveCfg = Release|Any CPU
		{F4B2F247-1340-4F1C-8CFB-7E3F213F768E}.Release|Any CPU.Build.0 = Release|Any CPU
	EndGlobalSection
	GlobalSection(SolutionProperties) = preSolution
		HideSolutionNode = FALSE
	EndGlobalSection
	GlobalSection(ExtensibilityGlobals) = postSolution
		SolutionGuid = {3A7808FF-F8D1-48C6-9AE0-02A2CCF7B67C}
	EndGlobalSection
EndGlobal
